schema: '2.0'
stages:
  prepare:
    cmd: python src/prepare.py
    deps:
    - path: src/prepare.py
      hash: md5
      md5: 145e28dd9a24f2f137ccdd5e6f0689b3
      size: 346
    outs:
    - path: data/raw
      hash: md5
      md5: 50017c796140c663c0ae2d7cf4d1c6d8.dir
      size: 30869925
      nfiles: 1
  preprocess:
    cmd: python src/preprocess.py
    deps:
    - path: data/raw
      hash: md5
      md5: 50017c796140c663c0ae2d7cf4d1c6d8.dir
      size: 30869925
      nfiles: 1
    - path: src/preprocess.py
      hash: md5
      md5: 8877c5b33dd213de762d4737feb8935f
      size: 946
    params:
      params.yaml:
        preprocess.seed: 42
        preprocess.test_size: 0.2
    outs:
    - path: data/processed
      hash: md5
      md5: 01345a5c1eca0ba55a0957f5adf8e7fa.dir
      size: 45652467
      nfiles: 1
  train:
    cmd: python src/train.py
    deps:
    - path: data/processed
      hash: md5
      md5: 01345a5c1eca0ba55a0957f5adf8e7fa.dir
      size: 45652467
      nfiles: 1
    - path: src/train.py
      hash: md5
      md5: ffb5e6686137f4aeb06d8629a22bdd90
      size: 888
    params:
      params.yaml:
        train.batch_size: 64
        train.dense_units: 256
        train.dropout_rate: 0.2
        train.epochs: 10
        train.learning_rate: 0.001
    outs:
    - path: models
      hash: md5
      md5: edde7db1e20544ea52fd07c9a41cf40d.dir
      size: 2467712
      nfiles: 2
  evaluate:
    cmd: python src/evaluate.py
    deps:
    - path: data/processed
      hash: md5
      md5: 01345a5c1eca0ba55a0957f5adf8e7fa.dir
      size: 45652467
      nfiles: 1
    - path: models
      hash: md5
      md5: edde7db1e20544ea52fd07c9a41cf40d.dir
      size: 2467712
      nfiles: 2
    - path: src/evaluate.py
      hash: md5
      md5: 0c98c9f5bf36a3f15abc554fc9635fd7
      size: 749
    outs:
    - path: metrics.json
      hash: md5
      md5: 6f896d81530c40371ed72a7c5167fcf9
      size: 80
    - path: reports/confusion_matrix.png
      hash: md5
      md5: e55f6cf5e5c83ab7b87133bd12c2a8e6
      size: 44785
